version: 2.0
shards:
  image_size:
    git: https://github.com/stakach/image_size.cr.git
    version: 0.5.0+git.commit.f32cae28a1a8c6de9dae70998c5a2916843c1e0b

  matrix:
    git: https://github.com/exilor/matrix.git
    version: 0.1.0+git.commit.db74e62dcc0b65e548bf1a8eda65657310f57152

  pcf-parser:
    git: https://github.com/l3kn/pcf-parser.git
    version: 0.1.1

  stumpy_core:
    git: https://github.com/stumpycr/stumpy_core.git
    version: 1.9.1

  stumpy_jpeg:
    git: https://github.com/reiswindy/stumpy_jpeg.git
    version: 0.1.0+git.commit.714ad6c1f905cb503c53843cda8285f52592e2c2

  stumpy_png:
    git: https://github.com/stumpycr/stumpy_png.git
    version: 5.0.1

  stumpy_utils:
    git: https://github.com/stumpycr/stumpy_utils.git
    version: 0.5.1

  tensorflow_lite:
    git: https://github.com/spider-gazelle/tensorflow_lite.git
    version: 0.1.0+git.commit.7ee1effaebb6c95217e606a707b50507164dec71

